# THIS IS AN AUTOGENERATED FILE. DO NOT EDIT THIS FILE DIRECTLY.
# yarn lockfile v1


ed2curve@0.2.1:
  version "0.2.1"
  resolved "https://registry.yarnpkg.com/ed2curve/-/ed2curve-0.2.1.tgz#22e6aaa3569e3c4dbf4eefa29612ec329e58190c"
  dependencies:
    tweetnacl "0.x.x"

libsodium-sumo@0.5.4:
  version "0.5.4"
  resolved "https://registry.yarnpkg.com/libsodium-sumo/-/libsodium-sumo-0.5.4.tgz#08af4af945754ee9daf2de9d1385c9fc0e64cec0"

libsodium-sumo@0.7.2:
  version "0.7.2"
  resolved "https://registry.yarnpkg.com/libsodium-sumo/-/libsodium-sumo-0.7.2.tgz#7aee8642cad53dabfac8ed19c42ebacb985a21ba"

libsodium-wrappers-sumo@0.5.4:
  version "0.5.4"
  resolved "https://registry.yarnpkg.com/libsodium-wrappers-sumo/-/libsodium-wrappers-sumo-0.5.4.tgz#ee69f6c960965e0d7d65cc4282c2fb33485d06a2"
  dependencies:
    libsodium-sumo "0.5.4"

libsodium-wrappers-sumo@^0.7.2:
  version "0.7.2"
  resolved "https://registry.yarnpkg.com/libsodium-wrappers-sumo/-/libsodium-wrappers-sumo-0.7.2.tgz#a1ffe7e30f7132444a27d9232e618a94fa77a0c7"
  dependencies:
    libsodium-sumo "0.7.2"

proteus-hd@^1.0.1:
  version "1.0.1"
  resolved "https://registry.yarnpkg.com/proteus-hd/-/proteus-hd-1.0.1.tgz#6934c46204fc4010048aedea70584dbd23c28500"
  dependencies:
    ed2curve "0.2.1"
    libsodium-wrappers-sumo "0.5.4"
    wire-webapp-cbor "2.1.5"

tweetnacl@0.x.x:
  version "0.14.5"
  resolved "https://registry.yarnpkg.com/tweetnacl/-/tweetnacl-0.14.5.tgz#5ae68177f192d4456269d108afa93ff8743f4f64"

wire-webapp-cbor@2.1.5:
  version "2.1.5"
  resolved "https://registry.yarnpkg.com/wire-webapp-cbor/-/wire-webapp-cbor-2.1.5.tgz#742912cb40b037dcc7125ce4c554ea2d6d398064"
